
Microsoft Visual Studio Solution File, Format Version 11.00
# Visual Studio 2010
Project("{FAE04EC0-301F-11D3-BF4B-00C04F79EFBC}") = "ColorSpace", "ColorSpace\ColorSpace.csproj", "{2480214F-E6C4-409E-992D-923F5C456C5C}"
EndProject
Project("{FAE04EC0-301F-11D3-BF4B-00C04F79EFBC}") = "ColorSpace.Web", "ColorSpace.Web\ColorSpace.Web.csproj", "{5D830DCA-2615-458E-820B-7D90E70D430D}"
EndProject
Global
	GlobalSection(SolutionConfigurationPlatforms) = preSolution
		Debug|Any CPU = Debug|Any CPU
		Release|Any CPU = Release|Any CPU
	EndGlobalSection
	GlobalSection(ProjectConfigurationPlatforms) = postSolution
		{2480214F-E6C4-409E-992D-923F5C456C5C}.Debug|Any CPU.ActiveCfg = Debug|Any CPU
		{2480214F-E6C4-409E-992D-923F5C456C5C}.Debug|Any CPU.Build.0 = Debug|Any CPU
		{2480214F-E6C4-409E-992D-923F5C456C5C}.Release|Any CPU.ActiveCfg = Release|Any CPU
		{2480214F-E6C4-409E-992D-923F5C456C5C}.Release|Any CPU.Build.0 = Release|Any CPU
		{5D830DCA-2615-458E-820B-7D90E70D430D}.Debug|Any CPU.ActiveCfg = Debug|Any CPU
		{5D830DCA-2615-458E-820B-7D90E70D430D}.Debug|Any CPU.Build.0 = Debug|Any CPU
		{5D830DCA-2615-458E-820B-7D90E70D430D}.Release|Any CPU.ActiveCfg = Release|Any CPU
		{5D830DCA-2615-458E-820B-7D90E70D430D}.Release|Any CPU.Build.0 = Release|Any CPU
	EndGlobalSection
	GlobalSection(SolutionProperties) = preSolution
		HideSolutionNode = FALSE
	EndGlobalSection
EndGlobal
